
Microsoft Visual Studio Solution File, Format Version 12.00
# Visual Studio Version 17
VisualStudioVersion = 17.12.35527.113
MinimumVisualStudioVersion = 10.0.40219.1
Project("{2150E333-8FDC-42A3-9474-1A3956D46DE8}") = "01. Domain", "01. Domain", "{FAEF9AD7-DD16-4C23-B099-945259FAE43E}"
EndProject
Project("{2150E333-8FDC-42A3-9474-1A3956D46DE8}") = "02. Infrastructure", "02. Infrastructure", "{7109BD93-224E-414D-A391-B1D888FD791B}"
EndProject
Project("{2150E333-8FDC-42A3-9474-1A3956D46DE8}") = "03.EndPoint", "03.EndPoint", "{8A236251-CE2B-46B5-82F8-487A48FD7935}"
EndProject
Project("{2150E333-8FDC-42A3-9474-1A3956D46DE8}") = "Croe", "Croe", "{749E7CA2-7E90-47BA-A7A4-5FAC1A40C267}"
EndProject
Project("{2150E333-8FDC-42A3-9474-1A3956D46DE8}") = "Services", "Services", "{ED780EEA-D617-4ECE-B715-B0F1E2F0B62B}"
EndProject
Project("{FAE04EC0-301F-11D3-BF4B-00C04F79EFBC}") = "App.Domain.Core", "App.Domain.Core\App.Domain.Core.csproj", "{2794BE22-1258-4557-AEB2-44CCAB37E32E}"
EndProject
Project("{2150E333-8FDC-42A3-9474-1A3956D46DE8}") = "DataAccess", "DataAccess", "{196B0B1D-0D4A-4880-AD76-94AEFBC0DAF7}"
EndProject
Project("{2150E333-8FDC-42A3-9474-1A3956D46DE8}") = "Db", "Db", "{2E673F27-E130-44DE-88EB-81F1162DA957}"
EndProject
Project("{FAE04EC0-301F-11D3-BF4B-00C04F79EFBC}") = "App.Infra.Data.SqlServer.Ef", "App.Infra.Data.SqlServer.Ef\App.Infra.Data.SqlServer.Ef.csproj", "{E44981E7-9009-4A83-9BC5-497C7F520005}"
EndProject
Project("{FAE04EC0-301F-11D3-BF4B-00C04F79EFBC}") = "App.Infra.Data.Ef", "App.Infra.Data.Ef\App.Infra.Data.Ef.csproj", "{64B5E1A3-0936-4015-9A00-C5DC7E716622}"
EndProject
Project("{FAE04EC0-301F-11D3-BF4B-00C04F79EFBC}") = "App.Domain.Services", "App.Domain.Services\App.Domain.Services.csproj", "{4249B190-B7FC-478C-BBDD-2CADB66DFC85}"
EndProject
Project("{FAE04EC0-301F-11D3-BF4B-00C04F79EFBC}") = "App.Domain.AppService", "DutyAppServices\App.Domain.AppService.csproj", "{DF3240F7-FCB5-4612-BEE4-FF0BC07A6B9A}"
EndProject
Project("{FAE04EC0-301F-11D3-BF4B-00C04F79EFBC}") = "App.EndPoint.MVC", "App.EndPoint.MVC\App.EndPoint.MVC.csproj", "{02EDA1D0-18AC-4098-9D75-FDD87B8933BC}"
EndProject
Project("{2150E333-8FDC-42A3-9474-1A3956D46DE8}") = "0.Framework", "0.Framework", "{F291CBF7-4CF6-4731-989A-614DE0109D31}"
EndProject
Project("{FAE04EC0-301F-11D3-BF4B-00C04F79EFBC}") = "Framework", "Framework\Framework.csproj", "{26DF0D18-D427-4B7E-8ADF-FFC502314391}"
EndProject
Global
	GlobalSection(SolutionConfigurationPlatforms) = preSolution
		Debug|Any CPU = Debug|Any CPU
		Release|Any CPU = Release|Any CPU
	EndGlobalSection
	GlobalSection(ProjectConfigurationPlatforms) = postSolution
		{2794BE22-1258-4557-AEB2-44CCAB37E32E}.Debug|Any CPU.ActiveCfg = Debug|Any CPU
		{2794BE22-1258-4557-AEB2-44CCAB37E32E}.Debug|Any CPU.Build.0 = Debug|Any CPU
		{2794BE22-1258-4557-AEB2-44CCAB37E32E}.Release|Any CPU.ActiveCfg = Release|Any CPU
		{2794BE22-1258-4557-AEB2-44CCAB37E32E}.Release|Any CPU.Build.0 = Release|Any CPU
		{E44981E7-9009-4A83-9BC5-497C7F520005}.Debug|Any CPU.ActiveCfg = Debug|Any CPU
		{E44981E7-9009-4A83-9BC5-497C7F520005}.Debug|Any CPU.Build.0 = Debug|Any CPU
		{E44981E7-9009-4A83-9BC5-497C7F520005}.Release|Any CPU.ActiveCfg = Release|Any CPU
		{E44981E7-9009-4A83-9BC5-497C7F520005}.Release|Any CPU.Build.0 = Release|Any CPU
		{64B5E1A3-0936-4015-9A00-C5DC7E716622}.Debug|Any CPU.ActiveCfg = Debug|Any CPU
		{64B5E1A3-0936-4015-9A00-C5DC7E716622}.Debug|Any CPU.Build.0 = Debug|Any CPU
		{64B5E1A3-0936-4015-9A00-C5DC7E716622}.Release|Any CPU.ActiveCfg = Release|Any CPU
		{64B5E1A3-0936-4015-9A00-C5DC7E716622}.Release|Any CPU.Build.0 = Release|Any CPU
		{4249B190-B7FC-478C-BBDD-2CADB66DFC85}.Debug|Any CPU.ActiveCfg = Debug|Any CPU
		{4249B190-B7FC-478C-BBDD-2CADB66DFC85}.Debug|Any CPU.Build.0 = Debug|Any CPU
		{4249B190-B7FC-478C-BBDD-2CADB66DFC85}.Release|Any CPU.ActiveCfg = Release|Any CPU
		{4249B190-B7FC-478C-BBDD-2CADB66DFC85}.Release|Any CPU.Build.0 = Release|Any CPU
		{DF3240F7-FCB5-4612-BEE4-FF0BC07A6B9A}.Debug|Any CPU.ActiveCfg = Debug|Any CPU
		{DF3240F7-FCB5-4612-BEE4-FF0BC07A6B9A}.Debug|Any CPU.Build.0 = Debug|Any CPU
		{DF3240F7-FCB5-4612-BEE4-FF0BC07A6B9A}.Release|Any CPU.ActiveCfg = Release|Any CPU
		{DF3240F7-FCB5-4612-BEE4-FF0BC07A6B9A}.Release|Any CPU.Build.0 = Release|Any CPU
		{02EDA1D0-18AC-4098-9D75-FDD87B8933BC}.Debug|Any CPU.ActiveCfg = Debug|Any CPU
		{02EDA1D0-18AC-4098-9D75-FDD87B8933BC}.Debug|Any CPU.Build.0 = Debug|Any CPU
		{02EDA1D0-18AC-4098-9D75-FDD87B8933BC}.Release|Any CPU.ActiveCfg = Release|Any CPU
		{02EDA1D0-18AC-4098-9D75-FDD87B8933BC}.Release|Any CPU.Build.0 = Release|Any CPU
		{26DF0D18-D427-4B7E-8ADF-FFC502314391}.Debug|Any CPU.ActiveCfg = Debug|Any CPU
		{26DF0D18-D427-4B7E-8ADF-FFC502314391}.Debug|Any CPU.Build.0 = Debug|Any CPU
		{26DF0D18-D427-4B7E-8ADF-FFC502314391}.Release|Any CPU.ActiveCfg = Release|Any CPU
		{26DF0D18-D427-4B7E-8ADF-FFC502314391}.Release|Any CPU.Build.0 = Release|Any CPU
	EndGlobalSection
	GlobalSection(SolutionProperties) = preSolution
		HideSolutionNode = FALSE
	EndGlobalSection
	GlobalSection(NestedProjects) = preSolution
		{749E7CA2-7E90-47BA-A7A4-5FAC1A40C267} = {FAEF9AD7-DD16-4C23-B099-945259FAE43E}
		{ED780EEA-D617-4ECE-B715-B0F1E2F0B62B} = {FAEF9AD7-DD16-4C23-B099-945259FAE43E}
		{2794BE22-1258-4557-AEB2-44CCAB37E32E} = {749E7CA2-7E90-47BA-A7A4-5FAC1A40C267}
		{196B0B1D-0D4A-4880-AD76-94AEFBC0DAF7} = {7109BD93-224E-414D-A391-B1D888FD791B}
		{2E673F27-E130-44DE-88EB-81F1162DA957} = {7109BD93-224E-414D-A391-B1D888FD791B}
		{E44981E7-9009-4A83-9BC5-497C7F520005} = {2E673F27-E130-44DE-88EB-81F1162DA957}
		{64B5E1A3-0936-4015-9A00-C5DC7E716622} = {196B0B1D-0D4A-4880-AD76-94AEFBC0DAF7}
		{4249B190-B7FC-478C-BBDD-2CADB66DFC85} = {ED780EEA-D617-4ECE-B715-B0F1E2F0B62B}
		{DF3240F7-FCB5-4612-BEE4-FF0BC07A6B9A} = {ED780EEA-D617-4ECE-B715-B0F1E2F0B62B}
		{02EDA1D0-18AC-4098-9D75-FDD87B8933BC} = {8A236251-CE2B-46B5-82F8-487A48FD7935}
		{26DF0D18-D427-4B7E-8ADF-FFC502314391} = {F291CBF7-4CF6-4731-989A-614DE0109D31}
	EndGlobalSection
EndGlobal
